
Microsoft Visual Studio Solution File, Format Version 12.00
# Visual Studio Version 17
VisualStudioVersion = 17.5.33414.496
MinimumVisualStudioVersion = 10.0.40219.1
Project("{FAE04EC0-301F-11D3-BF4B-00C04F79EFBC}") = "DCT_Test", "DCT_Test\DCT_Test.csproj", "{826AD843-718B-436D-B712-46A6F59EE02E}"
EndProject
Global
	GlobalSection(SolutionConfigurationPlatforms) = preSolution
		Debug|Any CPU = Debug|Any CPU
		Release|Any CPU = Release|Any CPU
	EndGlobalSection
	GlobalSection(ProjectConfigurationPlatforms) = postSolution
		{826AD843-718B-436D-B712-46A6F59EE02E}.Debug|Any CPU.ActiveCfg = Debug|Any CPU
		{826AD843-718B-436D-B712-46A6F59EE02E}.Debug|Any CPU.Build.0 = Debug|Any CPU
		{826AD843-718B-436D-B712-46A6F59EE02E}.Release|Any CPU.ActiveCfg = Release|Any CPU
		{826AD843-718B-436D-B712-46A6F59EE02E}.Release|Any CPU.Build.0 = Release|Any CPU
	EndGlobalSection
	GlobalSection(SolutionProperties) = preSolution
		HideSolutionNode = FALSE
	EndGlobalSection
	GlobalSection(ExtensibilityGlobals) = postSolution
		SolutionGuid = {843E3AC1-D46D-461F-BE9D-9E351FF69499}
	EndGlobalSection
EndGlobal
